
Microsoft Visual Studio Solution File, Format Version 12.00
# Visual Studio Version 17
VisualStudioVersion = 17.8.34330.188
MinimumVisualStudioVersion = 10.0.40219.1
Project("{FAE04EC0-301F-11D3-BF4B-00C04F79EFBC}") = "DiceRoller", "DiceRoller\DiceRoller.csproj", "{4C7CE109-280C-4A81-868F-27DBF972E1EB}"
EndProject
Global
	GlobalSection(SolutionConfigurationPlatforms) = preSolution
		Debug|Any CPU = Debug|Any CPU
		Release|Any CPU = Release|Any CPU
	EndGlobalSection
	GlobalSection(ProjectConfigurationPlatforms) = postSolution
		{4C7CE109-280C-4A81-868F-27DBF972E1EB}.Debug|Any CPU.ActiveCfg = Debug|Any CPU
		{4C7CE109-280C-4A81-868F-27DBF972E1EB}.Debug|Any CPU.Build.0 = Debug|Any CPU
		{4C7CE109-280C-4A81-868F-27DBF972E1EB}.Debug|Any CPU.Deploy.0 = Debug|Any CPU
		{4C7CE109-280C-4A81-868F-27DBF972E1EB}.Release|Any CPU.ActiveCfg = Release|Any CPU
		{4C7CE109-280C-4A81-868F-27DBF972E1EB}.Release|Any CPU.Build.0 = Release|Any CPU
		{4C7CE109-280C-4A81-868F-27DBF972E1EB}.Release|Any CPU.Deploy.0 = Release|Any CPU
	EndGlobalSection
	GlobalSection(SolutionProperties) = preSolution
		HideSolutionNode = FALSE
	EndGlobalSection
	GlobalSection(ExtensibilityGlobals) = postSolution
		SolutionGuid = {4B219B5A-7E68-4048-9343-3F4A8076A632}
	EndGlobalSection
EndGlobal
